
Microsoft Visual Studio Solution File, Format Version 12.00
# Visual Studio 15
VisualStudioVersion = 15.0.28307.1022
MinimumVisualStudioVersion = 10.0.40219.1
Project("{FAE04EC0-301F-11D3-BF4B-00C04F79EFBC}") = "WS-BS-Cosmo-Example", "WS-BS-Cosmo-Example\WS-BS-Cosmo-Example.csproj", "{A5755746-72D6-4465-974C-CB3757569EA4}"
EndProject
Global
	GlobalSection(SolutionConfigurationPlatforms) = preSolution
		Debug|Any CPU = Debug|Any CPU
		Release|Any CPU = Release|Any CPU
	EndGlobalSection
	GlobalSection(ProjectConfigurationPlatforms) = postSolution
		{A5755746-72D6-4465-974C-CB3757569EA4}.Debug|Any CPU.ActiveCfg = Debug|Any CPU
		{A5755746-72D6-4465-974C-CB3757569EA4}.Debug|Any CPU.Build.0 = Debug|Any CPU
		{A5755746-72D6-4465-974C-CB3757569EA4}.Release|Any CPU.ActiveCfg = Release|Any CPU
		{A5755746-72D6-4465-974C-CB3757569EA4}.Release|Any CPU.Build.0 = Release|Any CPU
	EndGlobalSection
	GlobalSection(SolutionProperties) = preSolution
		HideSolutionNode = FALSE
	EndGlobalSection
	GlobalSection(ExtensibilityGlobals) = postSolution
		SolutionGuid = {28F420B8-5B10-4083-80E7-90D2E5BBB183}
	EndGlobalSection
EndGlobal
